
Microsoft Visual Studio Solution File, Format Version 12.00
# Visual Studio 15
VisualStudioVersion = 15.0.28307.902
MinimumVisualStudioVersion = 10.0.40219.1
Project("{F184B08F-C81C-45F6-A57F-5ABD9991F28F}") = "FMS.WEB", "FMS.WEB\FMS.WEB.vbproj", "{310D980F-2973-4DFE-BDEF-6339AE1760C2}"
EndProject
Project("{F184B08F-C81C-45F6-A57F-5ABD9991F28F}") = "FMS.Business", "FMS.Business\FMS.Business.vbproj", "{F3C504D9-37B7-43FD-8971-241551DA4794}"
EndProject
Project("{F184B08F-C81C-45F6-A57F-5ABD9991F28F}") = "FMS.AdminApplication", "FMS.AdminApplication\FMS.AdminApplication.vbproj", "{EBDBAB1F-CBB0-4184-B855-A619C59860E4}"
EndProject
Project("{F184B08F-C81C-45F6-A57F-5ABD9991F28F}") = "FMS.BackgroundCalcs.ConsoleApp", "BackgoundCalcs.ConsoleTest\FMS.BackgroundCalcs.ConsoleApp.vbproj", "{615CEA30-9231-4982-8E5E-AD472DB27B07}"
EndProject
Project("{FAE04EC0-301F-11D3-BF4B-00C04F79EFBC}") = "FMS.TestConsole", "FMS.TestConsole\FMS.TestConsole.csproj", "{CB169D86-C7CE-4A33-9002-661E9E189041}"
EndProject
Project("{F184B08F-C81C-45F6-A57F-5ABD9991F28F}") = "FMS.ServiceAccess", "FMS.ServiceAccess\FMS.ServiceAccess.vbproj", "{D44020A7-8BD2-4AB3-925B-FF4A76EC620A}"
EndProject
Project("{F184B08F-C81C-45F6-A57F-5ABD9991F28F}") = "FMS.Simulator", "FMS.Simulator\FMS.Simulator.vbproj", "{FBC612A5-9886-4BF6-884F-C2B6539A5A67}"
EndProject
Project("{FAE04EC0-301F-11D3-BF4B-00C04F79EFBC}") = "FMS.ReportServer", "FMS.ReportServer\FMS.ReportServer.csproj", "{3C69D6D3-F610-4CD7-897A-96DC32BA8F81}"
EndProject
Project("{FAE04EC0-301F-11D3-BF4B-00C04F79EFBC}") = "FMS.Datalistener.CalAmp", "FMS.Datalistener.CalAmp\FMS.Datalistener.CalAmp.csproj", "{D54073B7-3B51-4D48-BEBF-D608E6DA0C1D}"
EndProject
Project("{FAE04EC0-301F-11D3-BF4B-00C04F79EFBC}") = "FMS.Datalistener.CalampTest", "FMS.Datalistener.CalampTest\FMS.Datalistener.CalampTest.csproj", "{36760F7B-F4E0-4504-A9AA-D66B9159D7BD}"
EndProject
Project("{FAE04EC0-301F-11D3-BF4B-00C04F79EFBC}") = "FMS.Datalistener.Web", "FMS.Datalistener.Web\FMS.Datalistener.Web.csproj", "{71508B1B-3801-4505-BFE0-B9C9817A25D1}"
EndProject
Project("{FAE04EC0-301F-11D3-BF4B-00C04F79EFBC}") = "FMS.BackgroundCalcs.Service", "FMS.BackgroundCalcs.Service\FMS.BackgroundCalcs.Service.csproj", "{DA8B7EFE-0C6D-4775-9E1A-15E2D8986ED7}"
EndProject
Project("{F184B08F-C81C-45F6-A57F-5ABD9991F28F}") = "FMS.ReportLogic", "FMS.ReportLogic\FMS.ReportLogic.vbproj", "{07682610-D796-4B97-AC1B-9C03C1715944}"
EndProject
Project("{FAE04EC0-301F-11D3-BF4B-00C04F79EFBC}") = "FMS.ReportService", "FMS.ReportService\FMS.ReportService.csproj", "{31C24D4C-059A-47A8-A570-2EA143952986}"
EndProject
Project("{FAE04EC0-301F-11D3-BF4B-00C04F79EFBC}") = "FMS.WEBAPI", "FMS.WEBAPI\FMS.WEBAPI.csproj", "{A12BAEB6-557A-4202-A947-1A254B5F14C4}"
EndProject
Project("{FAE04EC0-301F-11D3-BF4B-00C04F79EFBC}") = "FMS.Datalistener.Owin.CalAmp", "FMS.Datalistener.Owin.CalAmp\FMS.Datalistener.Owin.CalAmp.csproj", "{8CB280DB-41B5-4786-AEFB-1308A1859493}"
EndProject
Project("{FAE04EC0-301F-11D3-BF4B-00C04F79EFBC}") = "FMS.Datalistener.CalAmp.Web", "FMS.Datalistener.CalAmp.Web\FMS.Datalistener.CalAmp.Web.csproj", "{F02AB8CA-A0E6-4446-A775-103FF9E1BE39}"
EndProject
Project("{FAE04EC0-301F-11D3-BF4B-00C04F79EFBC}") = "FMS.SimulatorService", "FMS.SimulatorService\FMS.SimulatorService.csproj", "{90134B0F-DE37-4320-82F5-4A8939AEA49C}"
EndProject
Global
	GlobalSection(SolutionConfigurationPlatforms) = preSolution
		Debug|Any CPU = Debug|Any CPU
		Release|Any CPU = Release|Any CPU
	EndGlobalSection
	GlobalSection(ProjectConfigurationPlatforms) = postSolution
		{310D980F-2973-4DFE-BDEF-6339AE1760C2}.Debug|Any CPU.ActiveCfg = Debug|Any CPU
		{310D980F-2973-4DFE-BDEF-6339AE1760C2}.Debug|Any CPU.Build.0 = Debug|Any CPU
		{310D980F-2973-4DFE-BDEF-6339AE1760C2}.Release|Any CPU.ActiveCfg = Release|Any CPU
		{310D980F-2973-4DFE-BDEF-6339AE1760C2}.Release|Any CPU.Build.0 = Release|Any CPU
		{F3C504D9-37B7-43FD-8971-241551DA4794}.Debug|Any CPU.ActiveCfg = Debug|Any CPU
		{F3C504D9-37B7-43FD-8971-241551DA4794}.Debug|Any CPU.Build.0 = Debug|Any CPU
		{F3C504D9-37B7-43FD-8971-241551DA4794}.Release|Any CPU.ActiveCfg = Release|Any CPU
		{F3C504D9-37B7-43FD-8971-241551DA4794}.Release|Any CPU.Build.0 = Release|Any CPU
		{EBDBAB1F-CBB0-4184-B855-A619C59860E4}.Debug|Any CPU.ActiveCfg = Debug|Any CPU
		{EBDBAB1F-CBB0-4184-B855-A619C59860E4}.Release|Any CPU.ActiveCfg = Release|Any CPU
		{EBDBAB1F-CBB0-4184-B855-A619C59860E4}.Release|Any CPU.Build.0 = Release|Any CPU
		{615CEA30-9231-4982-8E5E-AD472DB27B07}.Debug|Any CPU.ActiveCfg = Debug|Any CPU
		{615CEA30-9231-4982-8E5E-AD472DB27B07}.Release|Any CPU.ActiveCfg = Release|Any CPU
		{615CEA30-9231-4982-8E5E-AD472DB27B07}.Release|Any CPU.Build.0 = Release|Any CPU
		{CB169D86-C7CE-4A33-9002-661E9E189041}.Debug|Any CPU.ActiveCfg = Debug|Any CPU
		{CB169D86-C7CE-4A33-9002-661E9E189041}.Release|Any CPU.ActiveCfg = Release|Any CPU
		{CB169D86-C7CE-4A33-9002-661E9E189041}.Release|Any CPU.Build.0 = Release|Any CPU
		{D44020A7-8BD2-4AB3-925B-FF4A76EC620A}.Debug|Any CPU.ActiveCfg = Debug|Any CPU
		{D44020A7-8BD2-4AB3-925B-FF4A76EC620A}.Release|Any CPU.ActiveCfg = Release|Any CPU
		{D44020A7-8BD2-4AB3-925B-FF4A76EC620A}.Release|Any CPU.Build.0 = Release|Any CPU
		{FBC612A5-9886-4BF6-884F-C2B6539A5A67}.Debug|Any CPU.ActiveCfg = Debug|Any CPU
		{FBC612A5-9886-4BF6-884F-C2B6539A5A67}.Release|Any CPU.ActiveCfg = Release|Any CPU
		{3C69D6D3-F610-4CD7-897A-96DC32BA8F81}.Debug|Any CPU.ActiveCfg = Debug|Any CPU
		{3C69D6D3-F610-4CD7-897A-96DC32BA8F81}.Release|Any CPU.ActiveCfg = Release|Any CPU
		{3C69D6D3-F610-4CD7-897A-96DC32BA8F81}.Release|Any CPU.Build.0 = Release|Any CPU
		{D54073B7-3B51-4D48-BEBF-D608E6DA0C1D}.Debug|Any CPU.ActiveCfg = Debug|Any CPU
		{D54073B7-3B51-4D48-BEBF-D608E6DA0C1D}.Release|Any CPU.ActiveCfg = Release|Any CPU
		{D54073B7-3B51-4D48-BEBF-D608E6DA0C1D}.Release|Any CPU.Build.0 = Release|Any CPU
		{36760F7B-F4E0-4504-A9AA-D66B9159D7BD}.Debug|Any CPU.ActiveCfg = Debug|Any CPU
		{36760F7B-F4E0-4504-A9AA-D66B9159D7BD}.Debug|Any CPU.Build.0 = Debug|Any CPU
		{36760F7B-F4E0-4504-A9AA-D66B9159D7BD}.Release|Any CPU.ActiveCfg = Release|Any CPU
		{36760F7B-F4E0-4504-A9AA-D66B9159D7BD}.Release|Any CPU.Build.0 = Release|Any CPU
		{71508B1B-3801-4505-BFE0-B9C9817A25D1}.Debug|Any CPU.ActiveCfg = Debug|Any CPU
		{71508B1B-3801-4505-BFE0-B9C9817A25D1}.Release|Any CPU.ActiveCfg = Release|Any CPU
		{71508B1B-3801-4505-BFE0-B9C9817A25D1}.Release|Any CPU.Build.0 = Release|Any CPU
		{DA8B7EFE-0C6D-4775-9E1A-15E2D8986ED7}.Debug|Any CPU.ActiveCfg = Debug|Any CPU
		{DA8B7EFE-0C6D-4775-9E1A-15E2D8986ED7}.Release|Any CPU.ActiveCfg = Release|Any CPU
		{DA8B7EFE-0C6D-4775-9E1A-15E2D8986ED7}.Release|Any CPU.Build.0 = Release|Any CPU
		{07682610-D796-4B97-AC1B-9C03C1715944}.Debug|Any CPU.ActiveCfg = Debug|Any CPU
		{07682610-D796-4B97-AC1B-9C03C1715944}.Release|Any CPU.ActiveCfg = Release|Any CPU
		{07682610-D796-4B97-AC1B-9C03C1715944}.Release|Any CPU.Build.0 = Release|Any CPU
		{31C24D4C-059A-47A8-A570-2EA143952986}.Debug|Any CPU.ActiveCfg = Debug|Any CPU
		{31C24D4C-059A-47A8-A570-2EA143952986}.Release|Any CPU.ActiveCfg = Release|Any CPU
		{31C24D4C-059A-47A8-A570-2EA143952986}.Release|Any CPU.Build.0 = Release|Any CPU
		{A12BAEB6-557A-4202-A947-1A254B5F14C4}.Debug|Any CPU.ActiveCfg = Debug|Any CPU
		{A12BAEB6-557A-4202-A947-1A254B5F14C4}.Release|Any CPU.ActiveCfg = Release|Any CPU
		{A12BAEB6-557A-4202-A947-1A254B5F14C4}.Release|Any CPU.Build.0 = Release|Any CPU
		{8CB280DB-41B5-4786-AEFB-1308A1859493}.Debug|Any CPU.ActiveCfg = Debug|Any CPU
		{8CB280DB-41B5-4786-AEFB-1308A1859493}.Release|Any CPU.ActiveCfg = Release|Any CPU
		{8CB280DB-41B5-4786-AEFB-1308A1859493}.Release|Any CPU.Build.0 = Release|Any CPU
		{F02AB8CA-A0E6-4446-A775-103FF9E1BE39}.Debug|Any CPU.ActiveCfg = Debug|Any CPU
		{F02AB8CA-A0E6-4446-A775-103FF9E1BE39}.Release|Any CPU.ActiveCfg = Release|Any CPU
		{F02AB8CA-A0E6-4446-A775-103FF9E1BE39}.Release|Any CPU.Build.0 = Release|Any CPU
		{90134B0F-DE37-4320-82F5-4A8939AEA49C}.Debug|Any CPU.ActiveCfg = Debug|Any CPU
		{90134B0F-DE37-4320-82F5-4A8939AEA49C}.Release|Any CPU.ActiveCfg = Release|Any CPU
		{90134B0F-DE37-4320-82F5-4A8939AEA49C}.Release|Any CPU.Build.0 = Release|Any CPU
	EndGlobalSection
	GlobalSection(SolutionProperties) = preSolution
		HideSolutionNode = FALSE
	EndGlobalSection
	GlobalSection(ExtensibilityGlobals) = postSolution
		SolutionGuid = {A2CB9CD7-F1F1-484D-B566-4F2076EB1D48}
	EndGlobalSection
EndGlobal
